
Microsoft Visual Studio Solution File, Format Version 12.00
# Visual Studio 15
VisualStudioVersion = 15.0.27130.2010
MinimumVisualStudioVersion = 10.0.40219.1
Project("{F184B08F-C81C-45F6-A57F-5ABD9991F28F}") = "Eclipse", "Eclipse.vbproj", "{406CE89C-E7D8-4F54-8365-F76BAF4B8497}"
EndProject
Global
	GlobalSection(SolutionConfigurationPlatforms) = preSolution
		Debug|x86 = Debug|x86
		Release|x86 = Release|x86
	EndGlobalSection
	GlobalSection(ProjectConfigurationPlatforms) = postSolution
		{406CE89C-E7D8-4F54-8365-F76BAF4B8497}.Debug|x86.ActiveCfg = Debug|x86
		{406CE89C-E7D8-4F54-8365-F76BAF4B8497}.Debug|x86.Build.0 = Debug|x86
		{406CE89C-E7D8-4F54-8365-F76BAF4B8497}.Release|x86.ActiveCfg = Release|x86
		{406CE89C-E7D8-4F54-8365-F76BAF4B8497}.Release|x86.Build.0 = Release|x86
	EndGlobalSection
	GlobalSection(SolutionProperties) = preSolution
		HideSolutionNode = FALSE
	EndGlobalSection
	GlobalSection(ExtensibilityGlobals) = postSolution
		SolutionGuid = {39BE8B6F-6185-4357-BE86-E19DB34AE2D1}
	EndGlobalSection
EndGlobal
